
Microsoft Visual Studio Solution File, Format Version 12.00
# Visual Studio Version 17
VisualStudioVersion = 17.5.002.0
MinimumVisualStudioVersion = 10.0.40219.1
Project("{9A19103F-16F7-4668-BE54-9A1E7A4F7556}") = "static-sinif-ve-uyeler", "static-sinif-ve-uyeler.csproj", "{5F26483F-C008-4EE1-BDE2-4F5115024E75}"
EndProject
Global
	GlobalSection(SolutionConfigurationPlatforms) = preSolution
		Debug|Any CPU = Debug|Any CPU
		Release|Any CPU = Release|Any CPU
	EndGlobalSection
	GlobalSection(ProjectConfigurationPlatforms) = postSolution
		{5F26483F-C008-4EE1-BDE2-4F5115024E75}.Debug|Any CPU.ActiveCfg = Debug|Any CPU
		{5F26483F-C008-4EE1-BDE2-4F5115024E75}.Debug|Any CPU.Build.0 = Debug|Any CPU
		{5F26483F-C008-4EE1-BDE2-4F5115024E75}.Release|Any CPU.ActiveCfg = Release|Any CPU
		{5F26483F-C008-4EE1-BDE2-4F5115024E75}.Release|Any CPU.Build.0 = Release|Any CPU
	EndGlobalSection
	GlobalSection(SolutionProperties) = preSolution
		HideSolutionNode = FALSE
	EndGlobalSection
	GlobalSection(ExtensibilityGlobals) = postSolution
		SolutionGuid = {9437C0F1-53CF-48D4-B5EE-522A500FAE1A}
	EndGlobalSection
EndGlobal
